
Microsoft Visual Studio Solution File, Format Version 12.00
# Visual Studio Version 17
VisualStudioVersion = 17.0.31903.59
MinimumVisualStudioVersion = 10.0.40219.1
Project("{FAE04EC0-301F-11D3-BF4B-00C04F79EFBC}") = "Lab7", "Lab7\Lab7.csproj", "{38B9D098-4C6E-47E1-8976-9610D237C29C}"
EndProject
Global
	GlobalSection(SolutionConfigurationPlatforms) = preSolution
		Debug|Any CPU = Debug|Any CPU
		Release|Any CPU = Release|Any CPU
	EndGlobalSection
	GlobalSection(ProjectConfigurationPlatforms) = postSolution
		{38B9D098-4C6E-47E1-8976-9610D237C29C}.Debug|Any CPU.ActiveCfg = Debug|Any CPU
		{38B9D098-4C6E-47E1-8976-9610D237C29C}.Debug|Any CPU.Build.0 = Debug|Any CPU
		{38B9D098-4C6E-47E1-8976-9610D237C29C}.Release|Any CPU.ActiveCfg = Release|Any CPU
		{38B9D098-4C6E-47E1-8976-9610D237C29C}.Release|Any CPU.Build.0 = Release|Any CPU
	EndGlobalSection
	GlobalSection(SolutionProperties) = preSolution
		HideSolutionNode = FALSE
	EndGlobalSection
	GlobalSection(ExtensibilityGlobals) = postSolution
		SolutionGuid = {658678E8-C8FF-4470-934C-619E5D87B159}
	EndGlobalSection
EndGlobal
